PODS:
  - ailia (0.0.1):
    - FlutterMacOS
  - ailia_audio (0.0.1):
    - FlutterMacOS
  - ailia_llm (0.0.1):
    - FlutterMacOS
  - ailia_speech (0.0.1):
    - FlutterMacOS
  - ailia_tokenizer (0.0.1):
    - FlutterMacOS
  - ailia_tracker (0.0.1):
    - FlutterMacOS
  - ailia_voice (0.0.1):
    - FlutterMacOS
  - FlutterMacOS (1.0.0)

DEPENDENCIES:
  - ailia (from `Flutter/ephemeral/.symlinks/plugins/ailia/macos`)
  - ailia_audio (from `Flutter/ephemeral/.symlinks/plugins/ailia_audio/macos`)
  - ailia_llm (from `Flutter/ephemeral/.symlinks/plugins/ailia_llm/macos`)
  - ailia_speech (from `Flutter/ephemeral/.symlinks/plugins/ailia_speech/macos`)
  - ailia_tokenizer (from `Flutter/ephemeral/.symlinks/plugins/ailia_tokenizer/macos`)
  - ailia_tracker (from `Flutter/ephemeral/.symlinks/plugins/ailia_tracker/macos`)
  - ailia_voice (from `Flutter/ephemeral/.symlinks/plugins/ailia_voice/macos`)
  - FlutterMacOS (from `Flutter/ephemeral`)

EXTERNAL SOURCES:
  ailia:
    :path: Flutter/ephemeral/.symlinks/plugins/ailia/macos
  ailia_audio:
    :path: Flutter/ephemeral/.symlinks/plugins/ailia_audio/macos
  ailia_llm:
    :path: Flutter/ephemeral/.symlinks/plugins/ailia_llm/macos
  ailia_speech:
    :path: Flutter/ephemeral/.symlinks/plugins/ailia_speech/macos
  ailia_tokenizer:
    :path: Flutter/ephemeral/.symlinks/plugins/ailia_tokenizer/macos
  ailia_tracker:
    :path: Flutter/ephemeral/.symlinks/plugins/ailia_tracker/macos
  ailia_voice:
    :path: Flutter/ephemeral/.symlinks/plugins/ailia_voice/macos
  FlutterMacOS:
    :path: Flutter/ephemeral

SPEC CHECKSUMS:
  ailia: 9836b7ce6ec432bfecb1ed5ec5a3d1cb4d648bad
  ailia_audio: debcc199da67cdfef543165c5b07f2a434f681df
  ailia_llm: 7d4318f26a9816d050d9bcf57a4741b2df2e07c8
  ailia_speech: 65688df86e9c46fa80de5b7c4df40373dc7366bd
  ailia_tokenizer: e76ee5c78d90e093189526bdd56b87dca25fe6ee
  ailia_tracker: 6a8ff509676f91c3c5d88ef2a1a5c0d7aea1f260
  ailia_voice: 2ed4de5c9dee2b2be67c8877d8076fc4518268ac
  FlutterMacOS: d0db08ddef1a9af05a5ec4b724367152bb0500b1

PODFILE CHECKSUM: 9ebaf0ce3d369aaa26a9ea0e159195ed94724cf3

COCOAPODS: 1.16.2
