PODS:
  - ailia (0.0.1):
    - Flutter
  - ailia_audio (0.0.1):
    - Flutter
  - ailia_llm (0.0.1):
    - Flutter
  - ailia_speech (0.0.1):
    - Flutter
  - ailia_tokenizer (0.0.1):
    - Flutter
  - ailia_voice (0.0.1):
    - Flutter
  - Flutter (1.0.0)

DEPENDENCIES:
  - ailia (from `.symlinks/plugins/ailia/ios`)
  - ailia_audio (from `.symlinks/plugins/ailia_audio/ios`)
  - ailia_llm (from `.symlinks/plugins/ailia_llm/ios`)
  - ailia_speech (from `.symlinks/plugins/ailia_speech/ios`)
  - ailia_tokenizer (from `.symlinks/plugins/ailia_tokenizer/ios`)
  - ailia_voice (from `.symlinks/plugins/ailia_voice/ios`)
  - Flutter (from `Flutter`)

EXTERNAL SOURCES:
  ailia:
    :path: ".symlinks/plugins/ailia/ios"
  ailia_audio:
    :path: ".symlinks/plugins/ailia_audio/ios"
  ailia_llm:
    :path: ".symlinks/plugins/ailia_llm/ios"
  ailia_speech:
    :path: ".symlinks/plugins/ailia_speech/ios"
  ailia_tokenizer:
    :path: ".symlinks/plugins/ailia_tokenizer/ios"
  ailia_voice:
    :path: ".symlinks/plugins/ailia_voice/ios"
  Flutter:
    :path: Flutter

SPEC CHECKSUMS:
  ailia: dfd9d82d32f8858e00de4dfbbd215f055b9f1846
  ailia_audio: 5d473878c872e2adea458b313d87ec39fafe2939
  ailia_llm: b23d1593ee2386ae5f7a0204937d40258a5d0972
  ailia_speech: 0141beec68eb0296b1faee725958e516152eaa8d
  ailia_tokenizer: 4ef32d01e2e47fff31851673d5a104cd52e407e0
  ailia_voice: e1e4de56e23fde371980c529efc2ec740655d479
  Flutter: cabc95a1d2626b1b06e7179b784ebcf0c0cde467

PODFILE CHECKSUM: 2856be29c7aea35810e0c2a73007b9125d9655da

COCOAPODS: 1.16.2
